
Microsoft Visual Studio Solution File, Format Version 12.00
# Visual Studio Version 16
VisualStudioVersion = 16.0.29318.209
MinimumVisualStudioVersion = 10.0.40219.1
Project("{FAE04EC0-301F-11D3-BF4B-00C04F79EFBC}") = "TODoDler", "TODoDler\TODoDler.csproj", "{39696FDE-C41F-4A38-8D2E-57AFEEA61097}"
EndProject
Global
	GlobalSection(SolutionConfigurationPlatforms) = preSolution
		Debug|Any CPU = Debug|Any CPU
		Release|Any CPU = Release|Any CPU
	EndGlobalSection
	GlobalSection(ProjectConfigurationPlatforms) = postSolution
		{39696FDE-C41F-4A38-8D2E-57AFEEA61097}.Debug|Any CPU.ActiveCfg = Debug|Any CPU
		{39696FDE-C41F-4A38-8D2E-57AFEEA61097}.Debug|Any CPU.Build.0 = Debug|Any CPU
		{39696FDE-C41F-4A38-8D2E-57AFEEA61097}.Release|Any CPU.ActiveCfg = Release|Any CPU
		{39696FDE-C41F-4A38-8D2E-57AFEEA61097}.Release|Any CPU.Build.0 = Release|Any CPU
	EndGlobalSection
	GlobalSection(SolutionProperties) = preSolution
		HideSolutionNode = FALSE
	EndGlobalSection
	GlobalSection(ExtensibilityGlobals) = postSolution
		SolutionGuid = {4422CF1B-BD7A-4D08-A505-BE484112B179}
	EndGlobalSection
EndGlobal
